
Microsoft Visual Studio Solution File, Format Version 12.00
# Visual Studio Version 17
VisualStudioVersion = 17.0.31903.59
MinimumVisualStudioVersion = 10.0.40219.1
Project("{FAE04EC0-301F-11D3-BF4B-00C04F79EFBC}") = "Tracer.Core", "Tracer.Core\Tracer.Core.csproj", "{329C538C-DE28-4545-A16A-B3578C23B63C}"
EndProject
Project("{FAE04EC0-301F-11D3-BF4B-00C04F79EFBC}") = "Tracer.Serialization.Abstractions", "Tracer.Serialization.Abstractions\Tracer.Serialization.Abstractions.csproj", "{149C630C-536C-45E4-A363-D007109D4955}"
EndProject
Project("{FAE04EC0-301F-11D3-BF4B-00C04F79EFBC}") = "Tracer.Serialization", "Tracer.Serialization\Tracer.Serialization.csproj", "{379314A9-8AB2-4D1C-9A2A-8B08A5D320A9}"
EndProject
Project("{FAE04EC0-301F-11D3-BF4B-00C04F79EFBC}") = "Tracer.Example", "Tracer.Example\Tracer.Example.csproj", "{BFC6D7C6-09E8-40B8-980B-D6446C47A67E}"
EndProject
Project("{FAE04EC0-301F-11D3-BF4B-00C04F79EFBC}") = "Tracer.Core.Tests", "Tracer.Core.Tests\Tracer.Core.Tests.csproj", "{16228631-9598-4EB2-AB7E-1BA4E7F6A264}"
EndProject
Global
	GlobalSection(SolutionConfigurationPlatforms) = preSolution
		Debug|Any CPU = Debug|Any CPU
		Debug|x64 = Debug|x64
		Debug|x86 = Debug|x86
		Release|Any CPU = Release|Any CPU
		Release|x64 = Release|x64
		Release|x86 = Release|x86
	EndGlobalSection
	GlobalSection(ProjectConfigurationPlatforms) = postSolution
		{329C538C-DE28-4545-A16A-B3578C23B63C}.Debug|Any CPU.ActiveCfg = Debug|Any CPU
		{329C538C-DE28-4545-A16A-B3578C23B63C}.Debug|Any CPU.Build.0 = Debug|Any CPU
		{329C538C-DE28-4545-A16A-B3578C23B63C}.Debug|x64.ActiveCfg = Debug|Any CPU
		{329C538C-DE28-4545-A16A-B3578C23B63C}.Debug|x64.Build.0 = Debug|Any CPU
		{329C538C-DE28-4545-A16A-B3578C23B63C}.Debug|x86.ActiveCfg = Debug|Any CPU
		{329C538C-DE28-4545-A16A-B3578C23B63C}.Debug|x86.Build.0 = Debug|Any CPU
		{329C538C-DE28-4545-A16A-B3578C23B63C}.Release|Any CPU.ActiveCfg = Release|Any CPU
		{329C538C-DE28-4545-A16A-B3578C23B63C}.Release|Any CPU.Build.0 = Release|Any CPU
		{329C538C-DE28-4545-A16A-B3578C23B63C}.Release|x64.ActiveCfg = Release|Any CPU
		{329C538C-DE28-4545-A16A-B3578C23B63C}.Release|x64.Build.0 = Release|Any CPU
		{329C538C-DE28-4545-A16A-B3578C23B63C}.Release|x86.ActiveCfg = Release|Any CPU
		{329C538C-DE28-4545-A16A-B3578C23B63C}.Release|x86.Build.0 = Release|Any CPU
		{149C630C-536C-45E4-A363-D007109D4955}.Debug|Any CPU.ActiveCfg = Debug|Any CPU
		{149C630C-536C-45E4-A363-D007109D4955}.Debug|Any CPU.Build.0 = Debug|Any CPU
		{149C630C-536C-45E4-A363-D007109D4955}.Debug|x64.ActiveCfg = Debug|Any CPU
		{149C630C-536C-45E4-A363-D007109D4955}.Debug|x64.Build.0 = Debug|Any CPU
		{149C630C-536C-45E4-A363-D007109D4955}.Debug|x86.ActiveCfg = Debug|Any CPU
		{149C630C-536C-45E4-A363-D007109D4955}.Debug|x86.Build.0 = Debug|Any CPU
		{149C630C-536C-45E4-A363-D007109D4955}.Release|Any CPU.ActiveCfg = Release|Any CPU
		{149C630C-536C-45E4-A363-D007109D4955}.Release|Any CPU.Build.0 = Release|Any CPU
		{149C630C-536C-45E4-A363-D007109D4955}.Release|x64.ActiveCfg = Release|Any CPU
		{149C630C-536C-45E4-A363-D007109D4955}.Release|x64.Build.0 = Release|Any CPU
		{149C630C-536C-45E4-A363-D007109D4955}.Release|x86.ActiveCfg = Release|Any CPU
		{149C630C-536C-45E4-A363-D007109D4955}.Release|x86.Build.0 = Release|Any CPU
		{379314A9-8AB2-4D1C-9A2A-8B08A5D320A9}.Debug|Any CPU.ActiveCfg = Debug|Any CPU
		{379314A9-8AB2-4D1C-9A2A-8B08A5D320A9}.Debug|Any CPU.Build.0 = Debug|Any CPU
		{379314A9-8AB2-4D1C-9A2A-8B08A5D320A9}.Debug|x64.ActiveCfg = Debug|Any CPU
		{379314A9-8AB2-4D1C-9A2A-8B08A5D320A9}.Debug|x64.Build.0 = Debug|Any CPU
		{379314A9-8AB2-4D1C-9A2A-8B08A5D320A9}.Debug|x86.ActiveCfg = Debug|Any CPU
		{379314A9-8AB2-4D1C-9A2A-8B08A5D320A9}.Debug|x86.Build.0 = Debug|Any CPU
		{379314A9-8AB2-4D1C-9A2A-8B08A5D320A9}.Release|Any CPU.ActiveCfg = Release|Any CPU
		{379314A9-8AB2-4D1C-9A2A-8B08A5D320A9}.Release|Any CPU.Build.0 = Release|Any CPU
		{379314A9-8AB2-4D1C-9A2A-8B08A5D320A9}.Release|x64.ActiveCfg = Release|Any CPU
		{379314A9-8AB2-4D1C-9A2A-8B08A5D320A9}.Release|x64.Build.0 = Release|Any CPU
		{379314A9-8AB2-4D1C-9A2A-8B08A5D320A9}.Release|x86.ActiveCfg = Release|Any CPU
		{379314A9-8AB2-4D1C-9A2A-8B08A5D320A9}.Release|x86.Build.0 = Release|Any CPU
		{BFC6D7C6-09E8-40B8-980B-D6446C47A67E}.Debug|Any CPU.ActiveCfg = Debug|Any CPU
		{BFC6D7C6-09E8-40B8-980B-D6446C47A67E}.Debug|Any CPU.Build.0 = Debug|Any CPU
		{BFC6D7C6-09E8-40B8-980B-D6446C47A67E}.Debug|x64.ActiveCfg = Debug|Any CPU
		{BFC6D7C6-09E8-40B8-980B-D6446C47A67E}.Debug|x64.Build.0 = Debug|Any CPU
		{BFC6D7C6-09E8-40B8-980B-D6446C47A67E}.Debug|x86.ActiveCfg = Debug|Any CPU
		{BFC6D7C6-09E8-40B8-980B-D6446C47A67E}.Debug|x86.Build.0 = Debug|Any CPU
		{BFC6D7C6-09E8-40B8-980B-D6446C47A67E}.Release|Any CPU.ActiveCfg = Release|Any CPU
		{BFC6D7C6-09E8-40B8-980B-D6446C47A67E}.Release|Any CPU.Build.0 = Release|Any CPU
		{BFC6D7C6-09E8-40B8-980B-D6446C47A67E}.Release|x64.ActiveCfg = Release|Any CPU
		{BFC6D7C6-09E8-40B8-980B-D6446C47A67E}.Release|x64.Build.0 = Release|Any CPU
		{BFC6D7C6-09E8-40B8-980B-D6446C47A67E}.Release|x86.ActiveCfg = Release|Any CPU
		{BFC6D7C6-09E8-40B8-980B-D6446C47A67E}.Release|x86.Build.0 = Release|Any CPU
		{16228631-9598-4EB2-AB7E-1BA4E7F6A264}.Debug|Any CPU.ActiveCfg = Debug|Any CPU
		{16228631-9598-4EB2-AB7E-1BA4E7F6A264}.Debug|Any CPU.Build.0 = Debug|Any CPU
		{16228631-9598-4EB2-AB7E-1BA4E7F6A264}.Debug|x64.ActiveCfg = Debug|Any CPU
		{16228631-9598-4EB2-AB7E-1BA4E7F6A264}.Debug|x64.Build.0 = Debug|Any CPU
		{16228631-9598-4EB2-AB7E-1BA4E7F6A264}.Debug|x86.ActiveCfg = Debug|Any CPU
		{16228631-9598-4EB2-AB7E-1BA4E7F6A264}.Debug|x86.Build.0 = Debug|Any CPU
		{16228631-9598-4EB2-AB7E-1BA4E7F6A264}.Release|Any CPU.ActiveCfg = Release|Any CPU
		{16228631-9598-4EB2-AB7E-1BA4E7F6A264}.Release|Any CPU.Build.0 = Release|Any CPU
		{16228631-9598-4EB2-AB7E-1BA4E7F6A264}.Release|x64.ActiveCfg = Release|Any CPU
		{16228631-9598-4EB2-AB7E-1BA4E7F6A264}.Release|x64.Build.0 = Release|Any CPU
		{16228631-9598-4EB2-AB7E-1BA4E7F6A264}.Release|x86.ActiveCfg = Release|Any CPU
		{16228631-9598-4EB2-AB7E-1BA4E7F6A264}.Release|x86.Build.0 = Release|Any CPU
	EndGlobalSection
	GlobalSection(SolutionProperties) = preSolution
		HideSolutionNode = FALSE
	EndGlobalSection
EndGlobal
